// !$*UTF8*$!
{
	archiveVersion = 1;
	classes = {
	};
	objectVersion = 46;
	objects = {

/* Begin PBXBuildFile section */
		22DAFCA9001FCBD04FA4E8DE /* libPods-VHLWebView.a in Frameworks */ = {isa = PBXBuildFile; fileRef = 4A53B93E266722690E030FE0 /* libPods-VHLWebView.a */; };
		BF085DC81EFA495700C935CA /* OpenShare+QQ.m in Sources */ = {isa = PBXBuildFile; fileRef = BF085D821EFA495700C935CA /* OpenShare+QQ.m */; };
		BF085DC91EFA495700C935CA /* OpenShare+Weixin.m in Sources */ = {isa = PBXBuildFile; fileRef = BF085D841EFA495700C935CA /* OpenShare+Weixin.m */; };
		BF085DCA1EFA495700C935CA /* OpenShare.m in Sources */ = {isa = PBXBuildFile; fileRef = BF085D861EFA495700C935CA /* OpenShare.m */; };
		BF085DCB1EFA495700C935CA /* WebViewJavascriptBridge.m in Sources */ = {isa = PBXBuildFile; fileRef = BF085D8A1EFA495700C935CA /* WebViewJavascriptBridge.m */; };
		BF085DCC1EFA495700C935CA /* WebViewJavascriptBridge_JS.m in Sources */ = {isa = PBXBuildFile; fileRef = BF085D8C1EFA495700C935CA /* WebViewJavascriptBridge_JS.m */; };
		BF085DCD1EFA495700C935CA /* WebViewJavascriptBridgeBase.m in Sources */ = {isa = PBXBuildFile; fileRef = BF085D8E1EFA495700C935CA /* WebViewJavascriptBridgeBase.m */; };
		BF085DCE1EFA495700C935CA /* WKWebViewJavascriptBridge.m in Sources */ = {isa = PBXBuildFile; fileRef = BF085D901EFA495700C935CA /* WKWebViewJavascriptBridge.m */; };
		BF085DCF1EFA495700C935CA /* vhl_nav_back@2x.png in Resources */ = {isa = PBXBuildFile; fileRef = BF085D921EFA495700C935CA /* vhl_nav_back@2x.png */; };
		BF085DD01EFA495700C935CA /* vhl_nav_back@3x.png in Resources */ = {isa = PBXBuildFile; fileRef = BF085D931EFA495700C935CA /* vhl_nav_back@3x.png */; };
		BF085DD11EFA495700C935CA /* vhl_nav_menu@2x.png in Resources */ = {isa = PBXBuildFile; fileRef = BF085D941EFA495700C935CA /* vhl_nav_menu@2x.png */; };
		BF085DD21EFA495700C935CA /* vhl_nav_menu@3x.png in Resources */ = {isa = PBXBuildFile; fileRef = BF085D951EFA495700C935CA /* vhl_nav_menu@3x.png */; };
		BF085DD61EFA495700C935CA /* VHLPopNavigationController.m in Sources */ = {isa = PBXBuildFile; fileRef = BF085D9E1EFA495700C935CA /* VHLPopNavigationController.m */; };
		BF085DD71EFA495700C935CA /* vhlwebhtml.bundle in Resources */ = {isa = PBXBuildFile; fileRef = BF085D9F1EFA495700C935CA /* vhlwebhtml.bundle */; };
		BF085DD81EFA495700C935CA /* VHLWebViewChangeFontSliderView.m in Sources */ = {isa = PBXBuildFile; fileRef = BF085DA21EFA495700C935CA /* VHLWebViewChangeFontSliderView.m */; };
		BF085DD91EFA495700C935CA /* VHLWebViewChangeFontView.m in Sources */ = {isa = PBXBuildFile; fileRef = BF085DA41EFA495700C935CA /* VHLWebViewChangeFontView.m */; };
		BF085DDA1EFA495700C935CA /* VHLWebViewController.m in Sources */ = {isa = PBXBuildFile; fileRef = BF085DA61EFA495700C935CA /* VHLWebViewController.m */; };
		BF085DDB1EFA495700C935CA /* vhl_webview_action_copylink@2x.png in Resources */ = {isa = PBXBuildFile; fileRef = BF085DA91EFA495700C935CA /* vhl_webview_action_copylink@2x.png */; };
		BF085DDC1EFA495700C935CA /* vhl_webview_action_copylink@3x.png in Resources */ = {isa = PBXBuildFile; fileRef = BF085DAA1EFA495700C935CA /* vhl_webview_action_copylink@3x.png */; };
		BF085DDD1EFA495700C935CA /* vhl_webview_action_font@2x.png in Resources */ = {isa = PBXBuildFile; fileRef = BF085DAB1EFA495700C935CA /* vhl_webview_action_font@2x.png */; };
		BF085DDE1EFA495700C935CA /* vhl_webview_action_font@3x.png in Resources */ = {isa = PBXBuildFile; fileRef = BF085DAC1EFA495700C935CA /* vhl_webview_action_font@3x.png */; };
		BF085DDF1EFA495700C935CA /* vhl_webview_action_refresh@2x.png in Resources */ = {isa = PBXBuildFile; fileRef = BF085DAD1EFA495700C935CA /* vhl_webview_action_refresh@2x.png */; };
		BF085DE01EFA495700C935CA /* vhl_webview_action_refresh@3x.png in Resources */ = {isa = PBXBuildFile; fileRef = BF085DAE1EFA495700C935CA /* vhl_webview_action_refresh@3x.png */; };
		BF085DE11EFA495700C935CA /* vhl_webview_share_email@2x.png in Resources */ = {isa = PBXBuildFile; fileRef = BF085DAF1EFA495700C935CA /* vhl_webview_share_email@2x.png */; };
		BF085DE21EFA495700C935CA /* vhl_webview_share_email@3x.png in Resources */ = {isa = PBXBuildFile; fileRef = BF085DB01EFA495700C935CA /* vhl_webview_share_email@3x.png */; };
		BF085DE31EFA495700C935CA /* vhl_webview_share_facebook@2x.png in Resources */ = {isa = PBXBuildFile; fileRef = BF085DB11EFA495700C935CA /* vhl_webview_share_facebook@2x.png */; };
		BF085DE41EFA495700C935CA /* vhl_webview_share_facebook@3x.png in Resources */ = {isa = PBXBuildFile; fileRef = BF085DB21EFA495700C935CA /* vhl_webview_share_facebook@3x.png */; };
		BF085DE51EFA495700C935CA /* vhl_webview_share_qq@2x.png in Resources */ = {isa = PBXBuildFile; fileRef = BF085DB31EFA495700C935CA /* vhl_webview_share_qq@2x.png */; };
		BF085DE61EFA495700C935CA /* vhl_webview_share_qq@3x.png in Resources */ = {isa = PBXBuildFile; fileRef = BF085DB41EFA495700C935CA /* vhl_webview_share_qq@3x.png */; };
		BF085DE71EFA495700C935CA /* vhl_webview_share_qzone@2x.png in Resources */ = {isa = PBXBuildFile; fileRef = BF085DB51EFA495700C935CA /* vhl_webview_share_qzone@2x.png */; };
		BF085DE81EFA495700C935CA /* vhl_webview_share_qzone@3x.png in Resources */ = {isa = PBXBuildFile; fileRef = BF085DB61EFA495700C935CA /* vhl_webview_share_qzone@3x.png */; };
		BF085DE91EFA495700C935CA /* vhl_webview_share_safari@2x.png in Resources */ = {isa = PBXBuildFile; fileRef = BF085DB71EFA495700C935CA /* vhl_webview_share_safari@2x.png */; };
		BF085DEA1EFA495700C935CA /* vhl_webview_share_safari@3x.png in Resources */ = {isa = PBXBuildFile; fileRef = BF085DB81EFA495700C935CA /* vhl_webview_share_safari@3x.png */; };
		BF085DEB1EFA495700C935CA /* vhl_webview_share_timeline@2x.png in Resources */ = {isa = PBXBuildFile; fileRef = BF085DB91EFA495700C935CA /* vhl_webview_share_timeline@2x.png */; };
		BF085DEC1EFA495700C935CA /* vhl_webview_share_timeline@3x.png in Resources */ = {isa = PBXBuildFile; fileRef = BF085DBA1EFA495700C935CA /* vhl_webview_share_timeline@3x.png */; };
		BF085DED1EFA495700C935CA /* vhl_webview_share_weixin@2x.png in Resources */ = {isa = PBXBuildFile; fileRef = BF085DBB1EFA495700C935CA /* vhl_webview_share_weixin@2x.png */; };
		BF085DEE1EFA495700C935CA /* vhl_webview_share_weixin@3x.png in Resources */ = {isa = PBXBuildFile; fileRef = BF085DBC1EFA495700C935CA /* vhl_webview_share_weixin@3x.png */; };
		BF085DEF1EFA495700C935CA /* VHLWebViewShareItem.m in Sources */ = {isa = PBXBuildFile; fileRef = BF085DBE1EFA495700C935CA /* VHLWebViewShareItem.m */; };
		BF085DF01EFA495700C935CA /* VHLWebViewShareItemCell.m in Sources */ = {isa = PBXBuildFile; fileRef = BF085DC01EFA495700C935CA /* VHLWebViewShareItemCell.m */; };
		BF085DF11EFA495700C935CA /* VHLWebViewShareSpaceCell.m in Sources */ = {isa = PBXBuildFile; fileRef = BF085DC21EFA495700C935CA /* VHLWebViewShareSpaceCell.m */; };
		BF085DF21EFA495700C935CA /* VHLWebViewShareSpaceView.m in Sources */ = {isa = PBXBuildFile; fileRef = BF085DC41EFA495700C935CA /* VHLWebViewShareSpaceView.m */; };
		BF085DF31EFA495700C935CA /* VHLWebViewShareView.m in Sources */ = {isa = PBXBuildFile; fileRef = BF085DC61EFA495700C935CA /* VHLWebViewShareView.m */; };
		BF4971891EE7AC3100EB868E /* post_data in Resources */ = {isa = PBXBuildFile; fileRef = BF4971881EE7AC3100EB868E /* post_data */; };
		BF595BD81F00DE1F00FBD52F /* VHLActionSheet.m in Sources */ = {isa = PBXBuildFile; fileRef = BF595BD71F00DE1F00FBD52F /* VHLActionSheet.m */; };
		BF595BE51F00EDD100FBD52F /* VHLWebViewEvaluateJSHandle.m in Sources */ = {isa = PBXBuildFile; fileRef = BF595BE01F00EDD100FBD52F /* VHLWebViewEvaluateJSHandle.m */; };
		BF595BE61F00EDD100FBD52F /* VHLWebViewJSBridgeHandle.m in Sources */ = {isa = PBXBuildFile; fileRef = BF595BE21F00EDD100FBD52F /* VHLWebViewJSBridgeHandle.m */; };
		BF595BE71F00EDD100FBD52F /* VHLWebViewRouteHandle.m in Sources */ = {isa = PBXBuildFile; fileRef = BF595BE41F00EDD100FBD52F /* VHLWebViewRouteHandle.m */; };
		BF595BEA1F00EE3E00FBD52F /* VHLPermissionRequest.m in Sources */ = {isa = PBXBuildFile; fileRef = BF595BE91F00EE3E00FBD52F /* VHLPermissionRequest.m */; };
		BF700B441D6D67F20028F3D8 /* main.m in Sources */ = {isa = PBXBuildFile; fileRef = BF700B431D6D67F20028F3D8 /* main.m */; };
		BF700B471D6D67F20028F3D8 /* AppDelegate.m in Sources */ = {isa = PBXBuildFile; fileRef = BF700B461D6D67F20028F3D8 /* AppDelegate.m */; };
		BF700B4A1D6D67F20028F3D8 /* ViewController.m in Sources */ = {isa = PBXBuildFile; fileRef = BF700B491D6D67F20028F3D8 /* ViewController.m */; };
		BF700B4D1D6D67F20028F3D8 /* Main.storyboard in Resources */ = {isa = PBXBuildFile; fileRef = BF700B4B1D6D67F20028F3D8 /* Main.storyboard */; };
		BF700B4F1D6D67F20028F3D8 /* Assets.xcassets in Resources */ = {isa = PBXBuildFile; fileRef = BF700B4E1D6D67F20028F3D8 /* Assets.xcassets */; };
		BF700B521D6D67F20028F3D8 /* LaunchScreen.storyboard in Resources */ = {isa = PBXBuildFile; fileRef = BF700B501D6D67F20028F3D8 /* LaunchScreen.storyboard */; };
		BF700B5D1D6D67F30028F3D8 /* VHLWebViewTests.m in Sources */ = {isa = PBXBuildFile; fileRef = BF700B5C1D6D67F30028F3D8 /* VHLWebViewTests.m */; };
		BF7209FF1F4EA7B500298C51 /* TestViewController1.m in Sources */ = {isa = PBXBuildFile; fileRef = BF7209FE1F4EA7B500298C51 /* TestViewController1.m */; };
		BF720A021F4EACFB00298C51 /* TestViewController2.m in Sources */ = {isa = PBXBuildFile; fileRef = BF720A011F4EACFB00298C51 /* TestViewController2.m */; };
		BF720A051F4EB08E00298C51 /* BaseViewController.m in Sources */ = {isa = PBXBuildFile; fileRef = BF720A041F4EB08E00298C51 /* BaseViewController.m */; };
		BF720A081F4EB2FE00298C51 /* BaseNavigationC.m in Sources */ = {isa = PBXBuildFile; fileRef = BF720A071F4EB2FE00298C51 /* BaseNavigationC.m */; };
		BFC970E11F4D5BB3002F9FBC /* VHLNavigation.m in Sources */ = {isa = PBXBuildFile; fileRef = BFC970E01F4D5BB3002F9FBC /* VHLNavigation.m */; };
		BFEAA75C1F035DB80094DCD4 /* VHLWebViewNSURLProtocol.m in Sources */ = {isa = PBXBuildFile; fileRef = BFEAA75B1F035DB80094DCD4 /* VHLWebViewNSURLProtocol.m */; };
		BFEAA75F1F035E520094DCD4 /* NSURLProtocol+WKWebView.m in Sources */ = {isa = PBXBuildFile; fileRef = BFEAA75E1F035E510094DCD4 /* NSURLProtocol+WKWebView.m */; };
		BFEAA7681F03A1F20094DCD4 /* UIImage+VHLWebQRCode.m in Sources */ = {isa = PBXBuildFile; fileRef = BFEAA7671F03A1F20094DCD4 /* UIImage+VHLWebQRCode.m */; };
		BFEAA76E1F03A24A0094DCD4 /* NSData+VHLWebDataType.m in Sources */ = {isa = PBXBuildFile; fileRef = BFEAA76D1F03A24A0094DCD4 /* NSData+VHLWebDataType.m */; };
/* End PBXBuildFile section */

/* Begin PBXContainerItemProxy section */
		BF700B591D6D67F30028F3D8 /* PBXContainerItemProxy */ = {
			isa = PBXContainerItemProxy;
			containerPortal = BF700B371D6D67F20028F3D8 /* Project object */;
			proxyType = 1;
			remoteGlobalIDString = BF700B3E1D6D67F20028F3D8;
			remoteInfo = VHLWebView;
		};
/* End PBXContainerItemProxy section */

/* Begin PBXFileReference section */
		36E8E7DE72847DEEBC16CB37 /* Pods-VHLWebView.release.xcconfig */ = {isa = PBXFileReference; includeInIndex = 1; lastKnownFileType = text.xcconfig; name = "Pods-VHLWebView.release.xcconfig"; path = "Pods/Target Support Files/Pods-VHLWebView/Pods-VHLWebView.release.xcconfig"; sourceTree = "<group>"; };
		4A53B93E266722690E030FE0 /* libPods-VHLWebView.a */ = {isa = PBXFileReference; explicitFileType = archive.ar; includeInIndex = 0; path = "libPods-VHLWebView.a"; sourceTree = BUILT_PRODUCTS_DIR; };
		BF085D811EFA495700C935CA /* OpenShare+QQ.h */ = {isa = PBXFileReference; fileEncoding = 4; lastKnownFileType = sourcecode.c.h; path = "OpenShare+QQ.h"; sourceTree = "<group>"; };
		BF085D821EFA495700C935CA /* OpenShare+QQ.m */ = {isa = PBXFileReference; fileEncoding = 4; lastKnownFileType = sourcecode.c.objc; path = "OpenShare+QQ.m"; sourceTree = "<group>"; };
		BF085D831EFA495700C935CA /* OpenShare+Weixin.h */ = {isa = PBXFileReference; fileEncoding = 4; lastKnownFileType = sourcecode.c.h; path = "OpenShare+Weixin.h"; sourceTree = "<group>"; };
		BF085D841EFA495700C935CA /* OpenShare+Weixin.m */ = {isa = PBXFileReference; fileEncoding = 4; lastKnownFileType = sourcecode.c.objc; path = "OpenShare+Weixin.m"; sourceTree = "<group>"; };
		BF085D851EFA495700C935CA /* OpenShare.h */ = {isa = PBXFileReference; fileEncoding = 4; lastKnownFileType = sourcecode.c.h; path = OpenShare.h; sourceTree = "<group>"; };
		BF085D861EFA495700C935CA /* OpenShare.m */ = {isa = PBXFileReference; fileEncoding = 4; lastKnownFileType = sourcecode.c.objc; path = OpenShare.m; sourceTree = "<group>"; };
		BF085D871EFA495700C935CA /* OpenShareHeader.h */ = {isa = PBXFileReference; fileEncoding = 4; lastKnownFileType = sourcecode.c.h; path = OpenShareHeader.h; sourceTree = "<group>"; };
		BF085D891EFA495700C935CA /* WebViewJavascriptBridge.h */ = {isa = PBXFileReference; fileEncoding = 4; lastKnownFileType = sourcecode.c.h; path = WebViewJavascriptBridge.h; sourceTree = "<group>"; };
		BF085D8A1EFA495700C935CA /* WebViewJavascriptBridge.m */ = {isa = PBXFileReference; fileEncoding = 4; lastKnownFileType = sourcecode.c.objc; path = WebViewJavascriptBridge.m; sourceTree = "<group>"; };
		BF085D8B1EFA495700C935CA /* WebViewJavascriptBridge_JS.h */ = {isa = PBXFileReference; fileEncoding = 4; lastKnownFileType = sourcecode.c.h; path = WebViewJavascriptBridge_JS.h; sourceTree = "<group>"; };
		BF085D8C1EFA495700C935CA /* WebViewJavascriptBridge_JS.m */ = {isa = PBXFileReference; fileEncoding = 4; lastKnownFileType = sourcecode.c.objc; path = WebViewJavascriptBridge_JS.m; sourceTree = "<group>"; };
		BF085D8D1EFA495700C935CA /* WebViewJavascriptBridgeBase.h */ = {isa = PBXFileReference; fileEncoding = 4; lastKnownFileType = sourcecode.c.h; path = WebViewJavascriptBridgeBase.h; sourceTree = "<group>"; };
		BF085D8E1EFA495700C935CA /* WebViewJavascriptBridgeBase.m */ = {isa = PBXFileReference; fileEncoding = 4; lastKnownFileType = sourcecode.c.objc; path = WebViewJavascriptBridgeBase.m; sourceTree = "<group>"; };
		BF085D8F1EFA495700C935CA /* WKWebViewJavascriptBridge.h */ = {isa = PBXFileReference; fileEncoding = 4; lastKnownFileType = sourcecode.c.h; path = WKWebViewJavascriptBridge.h; sourceTree = "<group>"; };
		BF085D901EFA495700C935CA /* WKWebViewJavascriptBridge.m */ = {isa = PBXFileReference; fileEncoding = 4; lastKnownFileType = sourcecode.c.objc; path = WKWebViewJavascriptBridge.m; sourceTree = "<group>"; };
		BF085D921EFA495700C935CA /* vhl_nav_back@2x.png */ = {isa = PBXFileReference; lastKnownFileType = image.png; path = "vhl_nav_back@2x.png"; sourceTree = "<group>"; };
		BF085D931EFA495700C935CA /* vhl_nav_back@3x.png */ = {isa = PBXFileReference; lastKnownFileType = image.png; path = "vhl_nav_back@3x.png"; sourceTree = "<group>"; };
		BF085D941EFA495700C935CA /* vhl_nav_menu@2x.png */ = {isa = PBXFileReference; lastKnownFileType = image.png; path = "vhl_nav_menu@2x.png"; sourceTree = "<group>"; };
		BF085D951EFA495700C935CA /* vhl_nav_menu@3x.png */ = {isa = PBXFileReference; lastKnownFileType = image.png; path = "vhl_nav_menu@3x.png"; sourceTree = "<group>"; };
		BF085D9D1EFA495700C935CA /* VHLPopNavigationController.h */ = {isa = PBXFileReference; fileEncoding = 4; lastKnownFileType = sourcecode.c.h; path = VHLPopNavigationController.h; sourceTree = "<group>"; };
		BF085D9E1EFA495700C935CA /* VHLPopNavigationController.m */ = {isa = PBXFileReference; fileEncoding = 4; lastKnownFileType = sourcecode.c.objc; path = VHLPopNavigationController.m; sourceTree = "<group>"; };
		BF085D9F1EFA495700C935CA /* vhlwebhtml.bundle */ = {isa = PBXFileReference; lastKnownFileType = "wrapper.plug-in"; path = vhlwebhtml.bundle; sourceTree = "<group>"; };
		BF085DA11EFA495700C935CA /* VHLWebViewChangeFontSliderView.h */ = {isa = PBXFileReference; fileEncoding = 4; lastKnownFileType = sourcecode.c.h; path = VHLWebViewChangeFontSliderView.h; sourceTree = "<group>"; };
		BF085DA21EFA495700C935CA /* VHLWebViewChangeFontSliderView.m */ = {isa = PBXFileReference; fileEncoding = 4; lastKnownFileType = sourcecode.c.objc; path = VHLWebViewChangeFontSliderView.m; sourceTree = "<group>"; };
		BF085DA31EFA495700C935CA /* VHLWebViewChangeFontView.h */ = {isa = PBXFileReference; fileEncoding = 4; lastKnownFileType = sourcecode.c.h; path = VHLWebViewChangeFontView.h; sourceTree = "<group>"; };
		BF085DA41EFA495700C935CA /* VHLWebViewChangeFontView.m */ = {isa = PBXFileReference; fileEncoding = 4; lastKnownFileType = sourcecode.c.objc; path = VHLWebViewChangeFontView.m; sourceTree = "<group>"; };
		BF085DA51EFA495700C935CA /* VHLWebViewController.h */ = {isa = PBXFileReference; fileEncoding = 4; lastKnownFileType = sourcecode.c.h; path = VHLWebViewController.h; sourceTree = "<group>"; };
		BF085DA61EFA495700C935CA /* VHLWebViewController.m */ = {isa = PBXFileReference; fileEncoding = 4; lastKnownFileType = sourcecode.c.objc; path = VHLWebViewController.m; sourceTree = "<group>"; };
		BF085DA91EFA495700C935CA /* vhl_webview_action_copylink@2x.png */ = {isa = PBXFileReference; lastKnownFileType = image.png; path = "vhl_webview_action_copylink@2x.png"; sourceTree = "<group>"; };
		BF085DAA1EFA495700C935CA /* vhl_webview_action_copylink@3x.png */ = {isa = PBXFileReference; lastKnownFileType = image.png; path = "vhl_webview_action_copylink@3x.png"; sourceTree = "<group>"; };
		BF085DAB1EFA495700C935CA /* vhl_webview_action_font@2x.png */ = {isa = PBXFileReference; lastKnownFileType = image.png; path = "vhl_webview_action_font@2x.png"; sourceTree = "<group>"; };
		BF085DAC1EFA495700C935CA /* vhl_webview_action_font@3x.png */ = {isa = PBXFileReference; lastKnownFileType = image.png; path = "vhl_webview_action_font@3x.png"; sourceTree = "<group>"; };
		BF085DAD1EFA495700C935CA /* vhl_webview_action_refresh@2x.png */ = {isa = PBXFileReference; lastKnownFileType = image.png; path = "vhl_webview_action_refresh@2x.png"; sourceTree = "<group>"; };
		BF085DAE1EFA495700C935CA /* vhl_webview_action_refresh@3x.png */ = {isa = PBXFileReference; lastKnownFileType = image.png; path = "vhl_webview_action_refresh@3x.png"; sourceTree = "<group>"; };
		BF085DAF1EFA495700C935CA /* vhl_webview_share_email@2x.png */ = {isa = PBXFileReference; lastKnownFileType = image.png; path = "vhl_webview_share_email@2x.png"; sourceTree = "<group>"; };
		BF085DB01EFA495700C935CA /* vhl_webview_share_email@3x.png */ = {isa = PBXFileReference; lastKnownFileType = image.png; path = "vhl_webview_share_email@3x.png"; sourceTree = "<group>"; };
		BF085DB11EFA495700C935CA /* vhl_webview_share_facebook@2x.png */ = {isa = PBXFileReference; lastKnownFileType = image.png; path = "vhl_webview_share_facebook@2x.png"; sourceTree = "<group>"; };
		BF085DB21EFA495700C935CA /* vhl_webview_share_facebook@3x.png */ = {isa = PBXFileReference; lastKnownFileType = image.png; path = "vhl_webview_share_facebook@3x.png"; sourceTree = "<group>"; };
		BF085DB31EFA495700C935CA /* vhl_webview_share_qq@2x.png */ = {isa = PBXFileReference; lastKnownFileType = image.png; path = "vhl_webview_share_qq@2x.png"; sourceTree = "<group>"; };
		BF085DB41EFA495700C935CA /* vhl_webview_share_qq@3x.png */ = {isa = PBXFileReference; lastKnownFileType = image.png; path = "vhl_webview_share_qq@3x.png"; sourceTree = "<group>"; };
		BF085DB51EFA495700C935CA /* vhl_webview_share_qzone@2x.png */ = {isa = PBXFileReference; lastKnownFileType = image.png; path = "vhl_webview_share_qzone@2x.png"; sourceTree = "<group>"; };
		BF085DB61EFA495700C935CA /* vhl_webview_share_qzone@3x.png */ = {isa = PBXFileReference; lastKnownFileType = image.png; path = "vhl_webview_share_qzone@3x.png"; sourceTree = "<group>"; };
		BF085DB71EFA495700C935CA /* vhl_webview_share_safari@2x.png */ = {isa = PBXFileReference; lastKnownFileType = image.png; path = "vhl_webview_share_safari@2x.png"; sourceTree = "<group>"; };
		BF085DB81EFA495700C935CA /* vhl_webview_share_safari@3x.png */ = {isa = PBXFileReference; lastKnownFileType = image.png; path = "vhl_webview_share_safari@3x.png"; sourceTree = "<group>"; };
		BF085DB91EFA495700C935CA /* vhl_webview_share_timeline@2x.png */ = {isa = PBXFileReference; lastKnownFileType = image.png; path = "vhl_webview_share_timeline@2x.png"; sourceTree = "<group>"; };
		BF085DBA1EFA495700C935CA /* vhl_webview_share_timeline@3x.png */ = {isa = PBXFileReference; lastKnownFileType = image.png; path = "vhl_webview_share_timeline@3x.png"; sourceTree = "<group>"; };
		BF085DBB1EFA495700C935CA /* vhl_webview_share_weixin@2x.png */ = {isa = PBXFileReference; lastKnownFileType = image.png; path = "vhl_webview_share_weixin@2x.png"; sourceTree = "<group>"; };
		BF085DBC1EFA495700C935CA /* vhl_webview_share_weixin@3x.png */ = {isa = PBXFileReference; lastKnownFileType = image.png; path = "vhl_webview_share_weixin@3x.png"; sourceTree = "<group>"; };
		BF085DBD1EFA495700C935CA /* VHLWebViewShareItem.h */ = {isa = PBXFileReference; fileEncoding = 4; lastKnownFileType = sourcecode.c.h; path = VHLWebViewShareItem.h; sourceTree = "<group>"; };
		BF085DBE1EFA495700C935CA /* VHLWebViewShareItem.m */ = {isa = PBXFileReference; fileEncoding = 4; lastKnownFileType = sourcecode.c.objc; path = VHLWebViewShareItem.m; sourceTree = "<group>"; };
		BF085DBF1EFA495700C935CA /* VHLWebViewShareItemCell.h */ = {isa = PBXFileReference; fileEncoding = 4; lastKnownFileType = sourcecode.c.h; path = VHLWebViewShareItemCell.h; sourceTree = "<group>"; };
		BF085DC01EFA495700C935CA /* VHLWebViewShareItemCell.m */ = {isa = PBXFileReference; fileEncoding = 4; lastKnownFileType = sourcecode.c.objc; path = VHLWebViewShareItemCell.m; sourceTree = "<group>"; };
		BF085DC11EFA495700C935CA /* VHLWebViewShareSpaceCell.h */ = {isa = PBXFileReference; fileEncoding = 4; lastKnownFileType = sourcecode.c.h; path = VHLWebViewShareSpaceCell.h; sourceTree = "<group>"; };
		BF085DC21EFA495700C935CA /* VHLWebViewShareSpaceCell.m */ = {isa = PBXFileReference; fileEncoding = 4; lastKnownFileType = sourcecode.c.objc; path = VHLWebViewShareSpaceCell.m; sourceTree = "<group>"; };
		BF085DC31EFA495700C935CA /* VHLWebViewShareSpaceView.h */ = {isa = PBXFileReference; fileEncoding = 4; lastKnownFileType = sourcecode.c.h; path = VHLWebViewShareSpaceView.h; sourceTree = "<group>"; };
		BF085DC41EFA495700C935CA /* VHLWebViewShareSpaceView.m */ = {isa = PBXFileReference; fileEncoding = 4; lastKnownFileType = sourcecode.c.objc; path = VHLWebViewShareSpaceView.m; sourceTree = "<group>"; };
		BF085DC51EFA495700C935CA /* VHLWebViewShareView.h */ = {isa = PBXFileReference; fileEncoding = 4; lastKnownFileType = sourcecode.c.h; path = VHLWebViewShareView.h; sourceTree = "<group>"; };
		BF085DC61EFA495700C935CA /* VHLWebViewShareView.m */ = {isa = PBXFileReference; fileEncoding = 4; lastKnownFileType = sourcecode.c.objc; path = VHLWebViewShareView.m; sourceTree = "<group>"; };
		BF085DC71EFA495700C935CA /* VHLWebViewShareViewDefine.h */ = {isa = PBXFileReference; fileEncoding = 4; lastKnownFileType = sourcecode.c.h; path = VHLWebViewShareViewDefine.h; sourceTree = "<group>"; };
		BF4971881EE7AC3100EB868E /* post_data */ = {isa = PBXFileReference; fileEncoding = 4; lastKnownFileType = text; path = post_data; sourceTree = "<group>"; };
		BF595BD61F00DE1F00FBD52F /* VHLActionSheet.h */ = {isa = PBXFileReference; fileEncoding = 4; lastKnownFileType = sourcecode.c.h; path = VHLActionSheet.h; sourceTree = "<group>"; };
		BF595BD71F00DE1F00FBD52F /* VHLActionSheet.m */ = {isa = PBXFileReference; fileEncoding = 4; lastKnownFileType = sourcecode.c.objc; path = VHLActionSheet.m; sourceTree = "<group>"; };
		BF595BDF1F00EDD100FBD52F /* VHLWebViewEvaluateJSHandle.h */ = {isa = PBXFileReference; fileEncoding = 4; lastKnownFileType = sourcecode.c.h; path = VHLWebViewEvaluateJSHandle.h; sourceTree = "<group>"; };
		BF595BE01F00EDD100FBD52F /* VHLWebViewEvaluateJSHandle.m */ = {isa = PBXFileReference; fileEncoding = 4; lastKnownFileType = sourcecode.c.objc; path = VHLWebViewEvaluateJSHandle.m; sourceTree = "<group>"; };
		BF595BE11F00EDD100FBD52F /* VHLWebViewJSBridgeHandle.h */ = {isa = PBXFileReference; fileEncoding = 4; lastKnownFileType = sourcecode.c.h; path = VHLWebViewJSBridgeHandle.h; sourceTree = "<group>"; };
		BF595BE21F00EDD100FBD52F /* VHLWebViewJSBridgeHandle.m */ = {isa = PBXFileReference; fileEncoding = 4; lastKnownFileType = sourcecode.c.objc; path = VHLWebViewJSBridgeHandle.m; sourceTree = "<group>"; };
		BF595BE31F00EDD100FBD52F /* VHLWebViewRouteHandle.h */ = {isa = PBXFileReference; fileEncoding = 4; lastKnownFileType = sourcecode.c.h; path = VHLWebViewRouteHandle.h; sourceTree = "<group>"; };
		BF595BE41F00EDD100FBD52F /* VHLWebViewRouteHandle.m */ = {isa = PBXFileReference; fileEncoding = 4; lastKnownFileType = sourcecode.c.objc; path = VHLWebViewRouteHandle.m; sourceTree = "<group>"; };
		BF595BE81F00EE3E00FBD52F /* VHLPermissionRequest.h */ = {isa = PBXFileReference; fileEncoding = 4; lastKnownFileType = sourcecode.c.h; path = VHLPermissionRequest.h; sourceTree = "<group>"; };
		BF595BE91F00EE3E00FBD52F /* VHLPermissionRequest.m */ = {isa = PBXFileReference; fileEncoding = 4; lastKnownFileType = sourcecode.c.objc; path = VHLPermissionRequest.m; sourceTree = "<group>"; };
		BF700B3F1D6D67F20028F3D8 /* VHLWebView.app */ = {isa = PBXFileReference; explicitFileType = wrapper.application; includeInIndex = 0; path = VHLWebView.app; sourceTree = BUILT_PRODUCTS_DIR; };
		BF700B431D6D67F20028F3D8 /* main.m */ = {isa = PBXFileReference; lastKnownFileType = sourcecode.c.objc; path = main.m; sourceTree = "<group>"; };
		BF700B451D6D67F20028F3D8 /* AppDelegate.h */ = {isa = PBXFileReference; lastKnownFileType = sourcecode.c.h; path = AppDelegate.h; sourceTree = "<group>"; };
		BF700B461D6D67F20028F3D8 /* AppDelegate.m */ = {isa = PBXFileReference; lastKnownFileType = sourcecode.c.objc; path = AppDelegate.m; sourceTree = "<group>"; };
		BF700B481D6D67F20028F3D8 /* ViewController.h */ = {isa = PBXFileReference; lastKnownFileType = sourcecode.c.h; path = ViewController.h; sourceTree = "<group>"; };
		BF700B491D6D67F20028F3D8 /* ViewController.m */ = {isa = PBXFileReference; lastKnownFileType = sourcecode.c.objc; path = ViewController.m; sourceTree = "<group>"; };
		BF700B4C1D6D67F20028F3D8 /* Base */ = {isa = PBXFileReference; lastKnownFileType = file.storyboard; name = Base; path = Base.lproj/Main.storyboard; sourceTree = "<group>"; };
		BF700B4E1D6D67F20028F3D8 /* Assets.xcassets */ = {isa = PBXFileReference; lastKnownFileType = folder.assetcatalog; path = Assets.xcassets; sourceTree = "<group>"; };
		BF700B511D6D67F20028F3D8 /* Base */ = {isa = PBXFileReference; lastKnownFileType = file.storyboard; name = Base; path = Base.lproj/LaunchScreen.storyboard; sourceTree = "<group>"; };
		BF700B531D6D67F20028F3D8 /* Info.plist */ = {isa = PBXFileReference; lastKnownFileType = text.plist.xml; path = Info.plist; sourceTree = "<group>"; };
		BF700B581D6D67F30028F3D8 /* VHLWebViewTests.xctest */ = {isa = PBXFileReference; explicitFileType = wrapper.cfbundle; includeInIndex = 0; path = VHLWebViewTests.xctest; sourceTree = BUILT_PRODUCTS_DIR; };
		BF700B5C1D6D67F30028F3D8 /* VHLWebViewTests.m */ = {isa = PBXFileReference; lastKnownFileType = sourcecode.c.objc; path = VHLWebViewTests.m; sourceTree = "<group>"; };
		BF700B5E1D6D67F30028F3D8 /* Info.plist */ = {isa = PBXFileReference; lastKnownFileType = text.plist.xml; path = Info.plist; sourceTree = "<group>"; };
		BF7209FD1F4EA7B500298C51 /* TestViewController1.h */ = {isa = PBXFileReference; fileEncoding = 4; lastKnownFileType = sourcecode.c.h; path = TestViewController1.h; sourceTree = "<group>"; };
		BF7209FE1F4EA7B500298C51 /* TestViewController1.m */ = {isa = PBXFileReference; fileEncoding = 4; lastKnownFileType = sourcecode.c.objc; path = TestViewController1.m; sourceTree = "<group>"; };
		BF720A001F4EACFB00298C51 /* TestViewController2.h */ = {isa = PBXFileReference; fileEncoding = 4; lastKnownFileType = sourcecode.c.h; path = TestViewController2.h; sourceTree = "<group>"; };
		BF720A011F4EACFB00298C51 /* TestViewController2.m */ = {isa = PBXFileReference; fileEncoding = 4; lastKnownFileType = sourcecode.c.objc; path = TestViewController2.m; sourceTree = "<group>"; };
		BF720A031F4EB08E00298C51 /* BaseViewController.h */ = {isa = PBXFileReference; fileEncoding = 4; lastKnownFileType = sourcecode.c.h; path = BaseViewController.h; sourceTree = "<group>"; };
		BF720A041F4EB08E00298C51 /* BaseViewController.m */ = {isa = PBXFileReference; fileEncoding = 4; lastKnownFileType = sourcecode.c.objc; path = BaseViewController.m; sourceTree = "<group>"; };
		BF720A061F4EB2FE00298C51 /* BaseNavigationC.h */ = {isa = PBXFileReference; fileEncoding = 4; lastKnownFileType = sourcecode.c.h; path = BaseNavigationC.h; sourceTree = "<group>"; };
		BF720A071F4EB2FE00298C51 /* BaseNavigationC.m */ = {isa = PBXFileReference; fileEncoding = 4; lastKnownFileType = sourcecode.c.objc; path = BaseNavigationC.m; sourceTree = "<group>"; };
		BFC970DF1F4D5BB3002F9FBC /* VHLNavigation.h */ = {isa = PBXFileReference; fileEncoding = 4; lastKnownFileType = sourcecode.c.h; path = VHLNavigation.h; sourceTree = "<group>"; };
		BFC970E01F4D5BB3002F9FBC /* VHLNavigation.m */ = {isa = PBXFileReference; fileEncoding = 4; lastKnownFileType = sourcecode.c.objc; path = VHLNavigation.m; sourceTree = "<group>"; };
		BFEAA75A1F035DB80094DCD4 /* VHLWebViewNSURLProtocol.h */ = {isa = PBXFileReference; fileEncoding = 4; lastKnownFileType = sourcecode.c.h; path = VHLWebViewNSURLProtocol.h; sourceTree = "<group>"; };
		BFEAA75B1F035DB80094DCD4 /* VHLWebViewNSURLProtocol.m */ = {isa = PBXFileReference; fileEncoding = 4; lastKnownFileType = sourcecode.c.objc; path = VHLWebViewNSURLProtocol.m; sourceTree = "<group>"; };
		BFEAA75D1F035E510094DCD4 /* NSURLProtocol+WKWebView.h */ = {isa = PBXFileReference; fileEncoding = 4; lastKnownFileType = sourcecode.c.h; path = "NSURLProtocol+WKWebView.h"; sourceTree = "<group>"; };
		BFEAA75E1F035E510094DCD4 /* NSURLProtocol+WKWebView.m */ = {isa = PBXFileReference; fileEncoding = 4; lastKnownFileType = sourcecode.c.objc; path = "NSURLProtocol+WKWebView.m"; sourceTree = "<group>"; };
		BFEAA7661F03A1F20094DCD4 /* UIImage+VHLWebQRCode.h */ = {isa = PBXFileReference; fileEncoding = 4; lastKnownFileType = sourcecode.c.h; path = "UIImage+VHLWebQRCode.h"; sourceTree = "<group>"; };
		BFEAA7671F03A1F20094DCD4 /* UIImage+VHLWebQRCode.m */ = {isa = PBXFileReference; fileEncoding = 4; lastKnownFileType = sourcecode.c.objc; path = "UIImage+VHLWebQRCode.m"; sourceTree = "<group>"; };
		BFEAA76C1F03A24A0094DCD4 /* NSData+VHLWebDataType.h */ = {isa = PBXFileReference; fileEncoding = 4; lastKnownFileType = sourcecode.c.h; path = "NSData+VHLWebDataType.h"; sourceTree = "<group>"; };
		BFEAA76D1F03A24A0094DCD4 /* NSData+VHLWebDataType.m */ = {isa = PBXFileReference; fileEncoding = 4; lastKnownFileType = sourcecode.c.objc; path = "NSData+VHLWebDataType.m"; sourceTree = "<group>"; };
		C2B229A0AE561F0213B440E9 /* Pods-VHLWebView.debug.xcconfig */ = {isa = PBXFileReference; includeInIndex = 1; lastKnownFileType = text.xcconfig; name = "Pods-VHLWebView.debug.xcconfig"; path = "Pods/Target Support Files/Pods-VHLWebView/Pods-VHLWebView.debug.xcconfig"; sourceTree = "<group>"; };
/* End PBXFileReference section */

/* Begin PBXFrameworksBuildPhase section */
		BF700B3C1D6D67F20028F3D8 /* Frameworks */ = {
			isa = PBXFrameworksBuildPhase;
			buildActionMask = 2147483647;
			files = (
				22DAFCA9001FCBD04FA4E8DE /* libPods-VHLWebView.a in Frameworks */,
			);
			runOnlyForDeploymentPostprocessing = 0;
		};
		BF700B551D6D67F30028F3D8 /* Frameworks */ = {
			isa = PBXFrameworksBuildPhase;
			buildActionMask = 2147483647;
			files = (
			);
			runOnlyForDeploymentPostprocessing = 0;
		};
/* End PBXFrameworksBuildPhase section */

/* Begin PBXGroup section */
		597ED1357C9E8915F1D9B99A /* Pods */ = {
			isa = PBXGroup;
			children = (
				C2B229A0AE561F0213B440E9 /* Pods-VHLWebView.debug.xcconfig */,
				36E8E7DE72847DEEBC16CB37 /* Pods-VHLWebView.release.xcconfig */,
			);
			name = Pods;
			sourceTree = "<group>";
		};
		8B32EB513BB4633520F1A033 /* Frameworks */ = {
			isa = PBXGroup;
			children = (
				4A53B93E266722690E030FE0 /* libPods-VHLWebView.a */,
			);
			name = Frameworks;
			sourceTree = "<group>";
		};
		BF085D7E1EFA495700C935CA /* VHLWebView */ = {
			isa = PBXGroup;
			children = (
				BF085D9F1EFA495700C935CA /* vhlwebhtml.bundle */,
				BF595BD91F00E4F100FBD52F /* Category */,
				BF085D7F1EFA495700C935CA /* Extented */,
				BF085D911EFA495700C935CA /* Images */,
				BF595BD51F00DE1F00FBD52F /* VHLActionSheet */,
				BF595BDD1F00EDAB00FBD52F /* VHLPermissionRequest */,
				BF595BDE1F00EDD100FBD52F /* VHLWebJSBriged */,
				BF085DA71EFA495700C935CA /* VHLWebViewShareView */,
				BF085DA01EFA495700C935CA /* VHLWebViewChangeFontView */,
				BFEAA7591F035D7A0094DCD4 /* VHLNSURLProtocol */,
				BF085D9D1EFA495700C935CA /* VHLPopNavigationController.h */,
				BF085D9E1EFA495700C935CA /* VHLPopNavigationController.m */,
				BF085DA51EFA495700C935CA /* VHLWebViewController.h */,
				BF085DA61EFA495700C935CA /* VHLWebViewController.m */,
			);
			path = VHLWebView;
			sourceTree = "<group>";
		};
		BF085D7F1EFA495700C935CA /* Extented */ = {
			isa = PBXGroup;
			children = (
				BF085D801EFA495700C935CA /* openshare */,
				BF085D881EFA495700C935CA /* WebViewJavascriptBridge */,
			);
			path = Extented;
			sourceTree = "<group>";
		};
		BF085D801EFA495700C935CA /* openshare */ = {
			isa = PBXGroup;
			children = (
				BF085D811EFA495700C935CA /* OpenShare+QQ.h */,
				BF085D821EFA495700C935CA /* OpenShare+QQ.m */,
				BF085D831EFA495700C935CA /* OpenShare+Weixin.h */,
				BF085D841EFA495700C935CA /* OpenShare+Weixin.m */,
				BF085D851EFA495700C935CA /* OpenShare.h */,
				BF085D861EFA495700C935CA /* OpenShare.m */,
				BF085D871EFA495700C935CA /* OpenShareHeader.h */,
			);
			path = openshare;
			sourceTree = "<group>";
		};
		BF085D881EFA495700C935CA /* WebViewJavascriptBridge */ = {
			isa = PBXGroup;
			children = (
				BF085D891EFA495700C935CA /* WebViewJavascriptBridge.h */,
				BF085D8A1EFA495700C935CA /* WebViewJavascriptBridge.m */,
				BF085D8B1EFA495700C935CA /* WebViewJavascriptBridge_JS.h */,
				BF085D8C1EFA495700C935CA /* WebViewJavascriptBridge_JS.m */,
				BF085D8D1EFA495700C935CA /* WebViewJavascriptBridgeBase.h */,
				BF085D8E1EFA495700C935CA /* WebViewJavascriptBridgeBase.m */,
				BF085D8F1EFA495700C935CA /* WKWebViewJavascriptBridge.h */,
				BF085D901EFA495700C935CA /* WKWebViewJavascriptBridge.m */,
			);
			path = WebViewJavascriptBridge;
			sourceTree = "<group>";
		};
		BF085D911EFA495700C935CA /* Images */ = {
			isa = PBXGroup;
			children = (
				BF085D921EFA495700C935CA /* vhl_nav_back@2x.png */,
				BF085D931EFA495700C935CA /* vhl_nav_back@3x.png */,
				BF085D941EFA495700C935CA /* vhl_nav_menu@2x.png */,
				BF085D951EFA495700C935CA /* vhl_nav_menu@3x.png */,
			);
			path = Images;
			sourceTree = "<group>";
		};
		BF085DA01EFA495700C935CA /* VHLWebViewChangeFontView */ = {
			isa = PBXGroup;
			children = (
				BF085DA11EFA495700C935CA /* VHLWebViewChangeFontSliderView.h */,
				BF085DA21EFA495700C935CA /* VHLWebViewChangeFontSliderView.m */,
				BF085DA31EFA495700C935CA /* VHLWebViewChangeFontView.h */,
				BF085DA41EFA495700C935CA /* VHLWebViewChangeFontView.m */,
			);
			path = VHLWebViewChangeFontView;
			sourceTree = "<group>";
		};
		BF085DA71EFA495700C935CA /* VHLWebViewShareView */ = {
			isa = PBXGroup;
			children = (
				BF085DA81EFA495700C935CA /* itemImage */,
				BF085DBD1EFA495700C935CA /* VHLWebViewShareItem.h */,
				BF085DBE1EFA495700C935CA /* VHLWebViewShareItem.m */,
				BF085DBF1EFA495700C935CA /* VHLWebViewShareItemCell.h */,
				BF085DC01EFA495700C935CA /* VHLWebViewShareItemCell.m */,
				BF085DC11EFA495700C935CA /* VHLWebViewShareSpaceCell.h */,
				BF085DC21EFA495700C935CA /* VHLWebViewShareSpaceCell.m */,
				BF085DC31EFA495700C935CA /* VHLWebViewShareSpaceView.h */,
				BF085DC41EFA495700C935CA /* VHLWebViewShareSpaceView.m */,
				BF085DC51EFA495700C935CA /* VHLWebViewShareView.h */,
				BF085DC61EFA495700C935CA /* VHLWebViewShareView.m */,
				BF085DC71EFA495700C935CA /* VHLWebViewShareViewDefine.h */,
			);
			path = VHLWebViewShareView;
			sourceTree = "<group>";
		};
		BF085DA81EFA495700C935CA /* itemImage */ = {
			isa = PBXGroup;
			children = (
				BF085DA91EFA495700C935CA /* vhl_webview_action_copylink@2x.png */,
				BF085DAA1EFA495700C935CA /* vhl_webview_action_copylink@3x.png */,
				BF085DAB1EFA495700C935CA /* vhl_webview_action_font@2x.png */,
				BF085DAC1EFA495700C935CA /* vhl_webview_action_font@3x.png */,
				BF085DAD1EFA495700C935CA /* vhl_webview_action_refresh@2x.png */,
				BF085DAE1EFA495700C935CA /* vhl_webview_action_refresh@3x.png */,
				BF085DAF1EFA495700C935CA /* vhl_webview_share_email@2x.png */,
				BF085DB01EFA495700C935CA /* vhl_webview_share_email@3x.png */,
				BF085DB11EFA495700C935CA /* vhl_webview_share_facebook@2x.png */,
				BF085DB21EFA495700C935CA /* vhl_webview_share_facebook@3x.png */,
				BF085DB31EFA495700C935CA /* vhl_webview_share_qq@2x.png */,
				BF085DB41EFA495700C935CA /* vhl_webview_share_qq@3x.png */,
				BF085DB51EFA495700C935CA /* vhl_webview_share_qzone@2x.png */,
				BF085DB61EFA495700C935CA /* vhl_webview_share_qzone@3x.png */,
				BF085DB71EFA495700C935CA /* vhl_webview_share_safari@2x.png */,
				BF085DB81EFA495700C935CA /* vhl_webview_share_safari@3x.png */,
				BF085DB91EFA495700C935CA /* vhl_webview_share_timeline@2x.png */,
				BF085DBA1EFA495700C935CA /* vhl_webview_share_timeline@3x.png */,
				BF085DBB1EFA495700C935CA /* vhl_webview_share_weixin@2x.png */,
				BF085DBC1EFA495700C935CA /* vhl_webview_share_weixin@3x.png */,
			);
			path = itemImage;
			sourceTree = "<group>";
		};
		BF595BD51F00DE1F00FBD52F /* VHLActionSheet */ = {
			isa = PBXGroup;
			children = (
				BF595BD61F00DE1F00FBD52F /* VHLActionSheet.h */,
				BF595BD71F00DE1F00FBD52F /* VHLActionSheet.m */,
			);
			path = VHLActionSheet;
			sourceTree = "<group>";
		};
		BF595BD91F00E4F100FBD52F /* Category */ = {
			isa = PBXGroup;
			children = (
				BFEAA7641F03A1F20094DCD4 /* NSData */,
				BFEAA7651F03A1F20094DCD4 /* UIImage */,
			);
			path = Category;
			sourceTree = "<group>";
		};
		BF595BDD1F00EDAB00FBD52F /* VHLPermissionRequest */ = {
			isa = PBXGroup;
			children = (
				BF595BE81F00EE3E00FBD52F /* VHLPermissionRequest.h */,
				BF595BE91F00EE3E00FBD52F /* VHLPermissionRequest.m */,
			);
			path = VHLPermissionRequest;
			sourceTree = "<group>";
		};
		BF595BDE1F00EDD100FBD52F /* VHLWebJSBriged */ = {
			isa = PBXGroup;
			children = (
				BF595BDF1F00EDD100FBD52F /* VHLWebViewEvaluateJSHandle.h */,
				BF595BE01F00EDD100FBD52F /* VHLWebViewEvaluateJSHandle.m */,
				BF595BE11F00EDD100FBD52F /* VHLWebViewJSBridgeHandle.h */,
				BF595BE21F00EDD100FBD52F /* VHLWebViewJSBridgeHandle.m */,
				BF595BE31F00EDD100FBD52F /* VHLWebViewRouteHandle.h */,
				BF595BE41F00EDD100FBD52F /* VHLWebViewRouteHandle.m */,
			);
			path = VHLWebJSBriged;
			sourceTree = "<group>";
		};
		BF700B361D6D67F20028F3D8 = {
			isa = PBXGroup;
			children = (
				BF700B411D6D67F20028F3D8 /* VHLWebView */,
				BF700B5B1D6D67F30028F3D8 /* VHLWebViewTests */,
				BF700B401D6D67F20028F3D8 /* Products */,
				597ED1357C9E8915F1D9B99A /* Pods */,
				8B32EB513BB4633520F1A033 /* Frameworks */,
			);
			sourceTree = "<group>";
		};
		BF700B401D6D67F20028F3D8 /* Products */ = {
			isa = PBXGroup;
			children = (
				BF700B3F1D6D67F20028F3D8 /* VHLWebView.app */,
				BF700B581D6D67F30028F3D8 /* VHLWebViewTests.xctest */,
			);
			name = Products;
			sourceTree = "<group>";
		};
		BF700B411D6D67F20028F3D8 /* VHLWebView */ = {
			isa = PBXGroup;
			children = (
				BFC970DE1F4D5BA3002F9FBC /* VHLNavigation */,
				BF085D7E1EFA495700C935CA /* VHLWebView */,
				BF700B481D6D67F20028F3D8 /* ViewController.h */,
				BF700B491D6D67F20028F3D8 /* ViewController.m */,
				BF4971881EE7AC3100EB868E /* post_data */,
				BF720A061F4EB2FE00298C51 /* BaseNavigationC.h */,
				BF720A071F4EB2FE00298C51 /* BaseNavigationC.m */,
				BF720A031F4EB08E00298C51 /* BaseViewController.h */,
				BF720A041F4EB08E00298C51 /* BaseViewController.m */,
				BF7209FD1F4EA7B500298C51 /* TestViewController1.h */,
				BF7209FE1F4EA7B500298C51 /* TestViewController1.m */,
				BF720A001F4EACFB00298C51 /* TestViewController2.h */,
				BF720A011F4EACFB00298C51 /* TestViewController2.m */,
				BF700B451D6D67F20028F3D8 /* AppDelegate.h */,
				BF700B461D6D67F20028F3D8 /* AppDelegate.m */,
				BF700B4B1D6D67F20028F3D8 /* Main.storyboard */,
				BF700B4E1D6D67F20028F3D8 /* Assets.xcassets */,
				BF700B501D6D67F20028F3D8 /* LaunchScreen.storyboard */,
				BF700B531D6D67F20028F3D8 /* Info.plist */,
				BF700B421D6D67F20028F3D8 /* Supporting Files */,
			);
			path = VHLWebView;
			sourceTree = "<group>";
		};
		BF700B421D6D67F20028F3D8 /* Supporting Files */ = {
			isa = PBXGroup;
			children = (
				BF700B431D6D67F20028F3D8 /* main.m */,
			);
			name = "Supporting Files";
			sourceTree = "<group>";
		};
		BF700B5B1D6D67F30028F3D8 /* VHLWebViewTests */ = {
			isa = PBXGroup;
			children = (
				BF700B5C1D6D67F30028F3D8 /* VHLWebViewTests.m */,
				BF700B5E1D6D67F30028F3D8 /* Info.plist */,
			);
			path = VHLWebViewTests;
			sourceTree = "<group>";
		};
		BFC970DE1F4D5BA3002F9FBC /* VHLNavigation */ = {
			isa = PBXGroup;
			children = (
				BFC970DF1F4D5BB3002F9FBC /* VHLNavigation.h */,
				BFC970E01F4D5BB3002F9FBC /* VHLNavigation.m */,
			);
			path = VHLNavigation;
			sourceTree = "<group>";
		};
		BFEAA7591F035D7A0094DCD4 /* VHLNSURLProtocol */ = {
			isa = PBXGroup;
			children = (
				BFEAA75D1F035E510094DCD4 /* NSURLProtocol+WKWebView.h */,
				BFEAA75E1F035E510094DCD4 /* NSURLProtocol+WKWebView.m */,
				BFEAA75A1F035DB80094DCD4 /* VHLWebViewNSURLProtocol.h */,
				BFEAA75B1F035DB80094DCD4 /* VHLWebViewNSURLProtocol.m */,
			);
			path = VHLNSURLProtocol;
			sourceTree = "<group>";
		};
		BFEAA7641F03A1F20094DCD4 /* NSData */ = {
			isa = PBXGroup;
			children = (
				BFEAA76C1F03A24A0094DCD4 /* NSData+VHLWebDataType.h */,
				BFEAA76D1F03A24A0094DCD4 /* NSData+VHLWebDataType.m */,
			);
			path = NSData;
			sourceTree = "<group>";
		};
		BFEAA7651F03A1F20094DCD4 /* UIImage */ = {
			isa = PBXGroup;
			children = (
				BFEAA7661F03A1F20094DCD4 /* UIImage+VHLWebQRCode.h */,
				BFEAA7671F03A1F20094DCD4 /* UIImage+VHLWebQRCode.m */,
			);
			path = UIImage;
			sourceTree = "<group>";
		};
/* End PBXGroup section */

/* Begin PBXNativeTarget section */
		BF700B3E1D6D67F20028F3D8 /* VHLWebView */ = {
			isa = PBXNativeTarget;
			buildConfigurationList = BF700B611D6D67F30028F3D8 /* Build configuration list for PBXNativeTarget "VHLWebView" */;
			buildPhases = (
				0CFD02A532E30C225D813A71 /* [CP] Check Pods Manifest.lock */,
				BF700B3B1D6D67F20028F3D8 /* Sources */,
				BF700B3C1D6D67F20028F3D8 /* Frameworks */,
				BF700B3D1D6D67F20028F3D8 /* Resources */,
				8DC4C7BA69212853DDC002C7 /* [CP] Embed Pods Frameworks */,
				67BC7E5864CF9620542BED96 /* [CP] Copy Pods Resources */,
			);
			buildRules = (
			);
			dependencies = (
			);
			name = VHLWebView;
			productName = VHLWebView;
			productReference = BF700B3F1D6D67F20028F3D8 /* VHLWebView.app */;
			productType = "com.apple.product-type.application";
		};
		BF700B571D6D67F30028F3D8 /* VHLWebViewTests */ = {
			isa = PBXNativeTarget;
			buildConfigurationList = BF700B641D6D67F30028F3D8 /* Build configuration list for PBXNativeTarget "VHLWebViewTests" */;
			buildPhases = (
				BF700B541D6D67F30028F3D8 /* Sources */,
				BF700B551D6D67F30028F3D8 /* Frameworks */,
				BF700B561D6D67F30028F3D8 /* Resources */,
			);
			buildRules = (
			);
			dependencies = (
				BF700B5A1D6D67F30028F3D8 /* PBXTargetDependency */,
			);
			name = VHLWebViewTests;
			productName = VHLWebViewTests;
			productReference = BF700B581D6D67F30028F3D8 /* VHLWebViewTests.xctest */;
			productType = "com.apple.product-type.bundle.unit-test";
		};
/* End PBXNativeTarget section */

/* Begin PBXProject section */
		BF700B371D6D67F20028F3D8 /* Project object */ = {
			isa = PBXProject;
			attributes = {
				LastUpgradeCheck = 0830;
				ORGANIZATIONNAME = "Darnel Studio";
				TargetAttributes = {
					BF700B3E1D6D67F20028F3D8 = {
						CreatedOnToolsVersion = 7.3.1;
						DevelopmentTeam = WYG5F947FP;
					};
					BF700B571D6D67F30028F3D8 = {
						CreatedOnToolsVersion = 7.3.1;
						TestTargetID = BF700B3E1D6D67F20028F3D8;
					};
				};
			};
			buildConfigurationList = BF700B3A1D6D67F20028F3D8 /* Build configuration list for PBXProject "VHLWebView" */;
			compatibilityVersion = "Xcode 3.2";
			developmentRegion = English;
			hasScannedForEncodings = 0;
			knownRegions = (
				en,
				Base,
			);
			mainGroup = BF700B361D6D67F20028F3D8;
			productRefGroup = BF700B401D6D67F20028F3D8 /* Products */;
			projectDirPath = "";
			projectRoot = "";
			targets = (
				BF700B3E1D6D67F20028F3D8 /* VHLWebView */,
				BF700B571D6D67F30028F3D8 /* VHLWebViewTests */,
			);
		};
/* End PBXProject section */

/* Begin PBXResourcesBuildPhase section */
		BF700B3D1D6D67F20028F3D8 /* Resources */ = {
			isa = PBXResourcesBuildPhase;
			buildActionMask = 2147483647;
			files = (
				BF085DEB1EFA495700C935CA /* vhl_webview_share_timeline@2x.png in Resources */,
				BF085DE71EFA495700C935CA /* vhl_webview_share_qzone@2x.png in Resources */,
				BF085DCF1EFA495700C935CA /* vhl_nav_back@2x.png in Resources */,
				BF085DEC1EFA495700C935CA /* vhl_webview_share_timeline@3x.png in Resources */,
				BF700B521D6D67F20028F3D8 /* LaunchScreen.storyboard in Resources */,
				BF085DE61EFA495700C935CA /* vhl_webview_share_qq@3x.png in Resources */,
				BF085DE31EFA495700C935CA /* vhl_webview_share_facebook@2x.png in Resources */,
				BF085DD11EFA495700C935CA /* vhl_nav_menu@2x.png in Resources */,
				BF085DD01EFA495700C935CA /* vhl_nav_back@3x.png in Resources */,
				BF085DE11EFA495700C935CA /* vhl_webview_share_email@2x.png in Resources */,
				BF085DE01EFA495700C935CA /* vhl_webview_action_refresh@3x.png in Resources */,
				BF085DD71EFA495700C935CA /* vhlwebhtml.bundle in Resources */,
				BF085DE41EFA495700C935CA /* vhl_webview_share_facebook@3x.png in Resources */,
				BF700B4F1D6D67F20028F3D8 /* Assets.xcassets in Resources */,
				BF085DE81EFA495700C935CA /* vhl_webview_share_qzone@3x.png in Resources */,
				BF085DED1EFA495700C935CA /* vhl_webview_share_weixin@2x.png in Resources */,
				BF085DE91EFA495700C935CA /* vhl_webview_share_safari@2x.png in Resources */,
				BF085DEA1EFA495700C935CA /* vhl_webview_share_safari@3x.png in Resources */,
				BF085DDB1EFA495700C935CA /* vhl_webview_action_copylink@2x.png in Resources */,
				BF085DDD1EFA495700C935CA /* vhl_webview_action_font@2x.png in Resources */,
				BF085DEE1EFA495700C935CA /* vhl_webview_share_weixin@3x.png in Resources */,
				BF085DDF1EFA495700C935CA /* vhl_webview_action_refresh@2x.png in Resources */,
				BF085DD21EFA495700C935CA /* vhl_nav_menu@3x.png in Resources */,
				BF4971891EE7AC3100EB868E /* post_data in Resources */,
				BF085DE21EFA495700C935CA /* vhl_webview_share_email@3x.png in Resources */,
				BF700B4D1D6D67F20028F3D8 /* Main.storyboard in Resources */,
				BF085DDE1EFA495700C935CA /* vhl_webview_action_font@3x.png in Resources */,
				BF085DE51EFA495700C935CA /* vhl_webview_share_qq@2x.png in Resources */,
				BF085DDC1EFA495700C935CA /* vhl_webview_action_copylink@3x.png in Resources */,
			);
			runOnlyForDeploymentPostprocessing = 0;
		};
		BF700B561D6D67F30028F3D8 /* Resources */ = {
			isa = PBXResourcesBuildPhase;
			buildActionMask = 2147483647;
			files = (
			);
			runOnlyForDeploymentPostprocessing = 0;
		};
/* End PBXResourcesBuildPhase section */

/* Begin PBXShellScriptBuildPhase section */
		0CFD02A532E30C225D813A71 /* [CP] Check Pods Manifest.lock */ = {
			isa = PBXShellScriptBuildPhase;
			buildActionMask = 2147483647;
			files = (
			);
			inputPaths = (
			);
			name = "[CP] Check Pods Manifest.lock";
			outputPaths = (
			);
			runOnlyForDeploymentPostprocessing = 0;
			shellPath = /bin/sh;
			shellScript = "diff \"${PODS_ROOT}/../Podfile.lock\" \"${PODS_ROOT}/Manifest.lock\" > /dev/null\nif [ $? != 0 ] ; then\n    # print error to STDERR\n    echo \"error: The sandbox is not in sync with the Podfile.lock. Run 'pod install' or update your CocoaPods installation.\" >&2\n    exit 1\nfi\n";
			showEnvVarsInLog = 0;
		};
		67BC7E5864CF9620542BED96 /* [CP] Copy Pods Resources */ = {
			isa = PBXShellScriptBuildPhase;
			buildActionMask = 2147483647;
			files = (
			);
			inputPaths = (
			);
			name = "[CP] Copy Pods Resources";
			outputPaths = (
			);
			runOnlyForDeploymentPostprocessing = 0;
			shellPath = /bin/sh;
			shellScript = "\"${SRCROOT}/Pods/Target Support Files/Pods-VHLWebView/Pods-VHLWebView-resources.sh\"\n";
			showEnvVarsInLog = 0;
		};
		8DC4C7BA69212853DDC002C7 /* [CP] Embed Pods Frameworks */ = {
			isa = PBXShellScriptBuildPhase;
			buildActionMask = 2147483647;
			files = (
			);
			inputPaths = (
			);
			name = "[CP] Embed Pods Frameworks";
			outputPaths = (
			);
			runOnlyForDeploymentPostprocessing = 0;
			shellPath = /bin/sh;
			shellScript = "\"${SRCROOT}/Pods/Target Support Files/Pods-VHLWebView/Pods-VHLWebView-frameworks.sh\"\n";
			showEnvVarsInLog = 0;
		};
/* End PBXShellScriptBuildPhase section */

/* Begin PBXSourcesBuildPhase section */
		BF700B3B1D6D67F20028F3D8 /* Sources */ = {
			isa = PBXSourcesBuildPhase;
			buildActionMask = 2147483647;
			files = (
				BF085DF31EFA495700C935CA /* VHLWebViewShareView.m in Sources */,
				BF720A021F4EACFB00298C51 /* TestViewController2.m in Sources */,
				BF700B4A1D6D67F20028F3D8 /* ViewController.m in Sources */,
				BFC970E11F4D5BB3002F9FBC /* VHLNavigation.m in Sources */,
				BF085DD81EFA495700C935CA /* VHLWebViewChangeFontSliderView.m in Sources */,
				BF085DCB1EFA495700C935CA /* WebViewJavascriptBridge.m in Sources */,
				BF085DF01EFA495700C935CA /* VHLWebViewShareItemCell.m in Sources */,
				BF595BEA1F00EE3E00FBD52F /* VHLPermissionRequest.m in Sources */,
				BF595BE51F00EDD100FBD52F /* VHLWebViewEvaluateJSHandle.m in Sources */,
				BF595BE61F00EDD100FBD52F /* VHLWebViewJSBridgeHandle.m in Sources */,
				BF085DC91EFA495700C935CA /* OpenShare+Weixin.m in Sources */,
				BF085DCA1EFA495700C935CA /* OpenShare.m in Sources */,
				BF720A081F4EB2FE00298C51 /* BaseNavigationC.m in Sources */,
				BF085DCE1EFA495700C935CA /* WKWebViewJavascriptBridge.m in Sources */,
				BF7209FF1F4EA7B500298C51 /* TestViewController1.m in Sources */,
				BF595BE71F00EDD100FBD52F /* VHLWebViewRouteHandle.m in Sources */,
				BF085DD91EFA495700C935CA /* VHLWebViewChangeFontView.m in Sources */,
				BF085DCD1EFA495700C935CA /* WebViewJavascriptBridgeBase.m in Sources */,
				BF595BD81F00DE1F00FBD52F /* VHLActionSheet.m in Sources */,
				BF720A051F4EB08E00298C51 /* BaseViewController.m in Sources */,
				BFEAA75F1F035E520094DCD4 /* NSURLProtocol+WKWebView.m in Sources */,
				BFEAA76E1F03A24A0094DCD4 /* NSData+VHLWebDataType.m in Sources */,
				BF085DD61EFA495700C935CA /* VHLPopNavigationController.m in Sources */,
				BFEAA75C1F035DB80094DCD4 /* VHLWebViewNSURLProtocol.m in Sources */,
				BF085DC81EFA495700C935CA /* OpenShare+QQ.m in Sources */,
				BFEAA7681F03A1F20094DCD4 /* UIImage+VHLWebQRCode.m in Sources */,
				BF085DCC1EFA495700C935CA /* WebViewJavascriptBridge_JS.m in Sources */,
				BF085DF21EFA495700C935CA /* VHLWebViewShareSpaceView.m in Sources */,
				BF085DEF1EFA495700C935CA /* VHLWebViewShareItem.m in Sources */,
				BF700B471D6D67F20028F3D8 /* AppDelegate.m in Sources */,
				BF700B441D6D67F20028F3D8 /* main.m in Sources */,
				BF085DF11EFA495700C935CA /* VHLWebViewShareSpaceCell.m in Sources */,
				BF085DDA1EFA495700C935CA /* VHLWebViewController.m in Sources */,
			);
			runOnlyForDeploymentPostprocessing = 0;
		};
		BF700B541D6D67F30028F3D8 /* Sources */ = {
			isa = PBXSourcesBuildPhase;
			buildActionMask = 2147483647;
			files = (
				BF700B5D1D6D67F30028F3D8 /* VHLWebViewTests.m in Sources */,
			);
			runOnlyForDeploymentPostprocessing = 0;
		};
/* End PBXSourcesBuildPhase section */

/* Begin PBXTargetDependency section */
		BF700B5A1D6D67F30028F3D8 /* PBXTargetDependency */ = {
			isa = PBXTargetDependency;
			target = BF700B3E1D6D67F20028F3D8 /* VHLWebView */;
			targetProxy = BF700B591D6D67F30028F3D8 /* PBXContainerItemProxy */;
		};
/* End PBXTargetDependency section */

/* Begin PBXVariantGroup section */
		BF700B4B1D6D67F20028F3D8 /* Main.storyboard */ = {
			isa = PBXVariantGroup;
			children = (
				BF700B4C1D6D67F20028F3D8 /* Base */,
			);
			name = Main.storyboard;
			sourceTree = "<group>";
		};
		BF700B501D6D67F20028F3D8 /* LaunchScreen.storyboard */ = {
			isa = PBXVariantGroup;
			children = (
				BF700B511D6D67F20028F3D8 /* Base */,
			);
			name = LaunchScreen.storyboard;
			sourceTree = "<group>";
		};
/* End PBXVariantGroup section */

/* Begin XCBuildConfiguration section */
		BF700B5F1D6D67F30028F3D8 /* Debug */ = {
			isa = XCBuildConfiguration;
			buildSettings = {
				ALWAYS_SEARCH_USER_PATHS = NO;
				CLANG_ANALYZER_NONNULL = YES;
				CLANG_CXX_LANGUAGE_STANDARD = "gnu++0x";
				CLANG_CXX_LIBRARY = "libc++";
				CLANG_ENABLE_MODULES = YES;
				CLANG_ENABLE_OBJC_ARC = YES;
				CLANG_WARN_BOOL_CONVERSION = YES;
				CLANG_WARN_CONSTANT_CONVERSION = YES;
				CLANG_WARN_DIRECT_OBJC_ISA_USAGE = YES_ERROR;
				CLANG_WARN_EMPTY_BODY = YES;
				CLANG_WARN_ENUM_CONVERSION = YES;
				CLANG_WARN_INFINITE_RECURSION = YES;
				CLANG_WARN_INT_CONVERSION = YES;
				CLANG_WARN_OBJC_ROOT_CLASS = YES_ERROR;
				CLANG_WARN_SUSPICIOUS_MOVE = YES;
				CLANG_WARN_UNREACHABLE_CODE = YES;
				CLANG_WARN__DUPLICATE_METHOD_MATCH = YES;
				"CODE_SIGN_IDENTITY[sdk=iphoneos*]" = "iPhone Developer";
				COPY_PHASE_STRIP = NO;
				DEBUG_INFORMATION_FORMAT = dwarf;
				ENABLE_STRICT_OBJC_MSGSEND = YES;
				ENABLE_TESTABILITY = YES;
				GCC_C_LANGUAGE_STANDARD = gnu99;
				GCC_DYNAMIC_NO_PIC = NO;
				GCC_NO_COMMON_BLOCKS = YES;
				GCC_OPTIMIZATION_LEVEL = 0;
				GCC_PREPROCESSOR_DEFINITIONS = (
					"DEBUG=1",
					"$(inherited)",
				);
				GCC_WARN_64_TO_32_BIT_CONVERSION = YES;
				GCC_WARN_ABOUT_RETURN_TYPE = YES_ERROR;
				GCC_WARN_UNDECLARED_SELECTOR = YES;
				GCC_WARN_UNINITIALIZED_AUTOS = YES_AGGRESSIVE;
				GCC_WARN_UNUSED_FUNCTION = YES;
				GCC_WARN_UNUSED_VARIABLE = YES;
				IPHONEOS_DEPLOYMENT_TARGET = 9.3;
				MTL_ENABLE_DEBUG_INFO = YES;
				ONLY_ACTIVE_ARCH = YES;
				SDKROOT = iphoneos;
			};
			name = Debug;
		};
		BF700B601D6D67F30028F3D8 /* Release */ = {
			isa = XCBuildConfiguration;
			buildSettings = {
				ALWAYS_SEARCH_USER_PATHS = NO;
				CLANG_ANALYZER_NONNULL = YES;
				CLANG_CXX_LANGUAGE_STANDARD = "gnu++0x";
				CLANG_CXX_LIBRARY = "libc++";
				CLANG_ENABLE_MODULES = YES;
				CLANG_ENABLE_OBJC_ARC = YES;
				CLANG_WARN_BOOL_CONVERSION = YES;
				CLANG_WARN_CONSTANT_CONVERSION = YES;
				CLANG_WARN_DIRECT_OBJC_ISA_USAGE = YES_ERROR;
				CLANG_WARN_EMPTY_BODY = YES;
				CLANG_WARN_ENUM_CONVERSION = YES;
				CLANG_WARN_INFINITE_RECURSION = YES;
				CLANG_WARN_INT_CONVERSION = YES;
				CLANG_WARN_OBJC_ROOT_CLASS = YES_ERROR;
				CLANG_WARN_SUSPICIOUS_MOVE = YES;
				CLANG_WARN_UNREACHABLE_CODE = YES;
				CLANG_WARN__DUPLICATE_METHOD_MATCH = YES;
				"CODE_SIGN_IDENTITY[sdk=iphoneos*]" = "iPhone Developer";
				COPY_PHASE_STRIP = NO;
				DEBUG_INFORMATION_FORMAT = "dwarf-with-dsym";
				ENABLE_NS_ASSERTIONS = NO;
				ENABLE_STRICT_OBJC_MSGSEND = YES;
				GCC_C_LANGUAGE_STANDARD = gnu99;
				GCC_NO_COMMON_BLOCKS = YES;
				GCC_WARN_64_TO_32_BIT_CONVERSION = YES;
				GCC_WARN_ABOUT_RETURN_TYPE = YES_ERROR;
				GCC_WARN_UNDECLARED_SELECTOR = YES;
				GCC_WARN_UNINITIALIZED_AUTOS = YES_AGGRESSIVE;
				GCC_WARN_UNUSED_FUNCTION = YES;
				GCC_WARN_UNUSED_VARIABLE = YES;
				IPHONEOS_DEPLOYMENT_TARGET = 9.3;
				MTL_ENABLE_DEBUG_INFO = NO;
				SDKROOT = iphoneos;
				VALIDATE_PRODUCT = YES;
			};
			name = Release;
		};
		BF700B621D6D67F30028F3D8 /* Debug */ = {
			isa = XCBuildConfiguration;
			baseConfigurationReference = C2B229A0AE561F0213B440E9 /* Pods-VHLWebView.debug.xcconfig */;
			buildSettings = {
				ASSETCATALOG_COMPILER_APPICON_NAME = AppIcon;
				DEVELOPMENT_TEAM = WYG5F947FP;
				INFOPLIST_FILE = VHLWebView/Info.plist;
				IPHONEOS_DEPLOYMENT_TARGET = 9.3;
				LD_RUNPATH_SEARCH_PATHS = "$(inherited) @executable_path/Frameworks";
				PRODUCT_BUNDLE_IDENTIFIER = cn.vincents.VHLWebView;
				PRODUCT_NAME = "$(TARGET_NAME)";
				SDKROOT = iphoneos;
				TARGETED_DEVICE_FAMILY = "1,2";
			};
			name = Debug;
		};
		BF700B631D6D67F30028F3D8 /* Release */ = {
			isa = XCBuildConfiguration;
			baseConfigurationReference = 36E8E7DE72847DEEBC16CB37 /* Pods-VHLWebView.release.xcconfig */;
			buildSettings = {
				ASSETCATALOG_COMPILER_APPICON_NAME = AppIcon;
				DEVELOPMENT_TEAM = WYG5F947FP;
				INFOPLIST_FILE = VHLWebView/Info.plist;
				IPHONEOS_DEPLOYMENT_TARGET = 9.3;
				LD_RUNPATH_SEARCH_PATHS = "$(inherited) @executable_path/Frameworks";
				PRODUCT_BUNDLE_IDENTIFIER = cn.vincents.VHLWebView;
				PRODUCT_NAME = "$(TARGET_NAME)";
				SDKROOT = iphoneos;
				TARGETED_DEVICE_FAMILY = "1,2";
			};
			name = Release;
		};
		BF700B651D6D67F30028F3D8 /* Debug */ = {
			isa = XCBuildConfiguration;
			buildSettings = {
				BUNDLE_LOADER = "$(TEST_HOST)";
				INFOPLIST_FILE = VHLWebViewTests/Info.plist;
				LD_RUNPATH_SEARCH_PATHS = "$(inherited) @executable_path/Frameworks @loader_path/Frameworks";
				PRODUCT_BUNDLE_IDENTIFIER = cn.vincents.VHLWebViewTests;
				PRODUCT_NAME = "$(TARGET_NAME)";
				TEST_HOST = "$(BUILT_PRODUCTS_DIR)/VHLWebView.app/VHLWebView";
			};
			name = Debug;
		};
		BF700B661D6D67F30028F3D8 /* Release */ = {
			isa = XCBuildConfiguration;
			buildSettings = {
				BUNDLE_LOADER = "$(TEST_HOST)";
				INFOPLIST_FILE = VHLWebViewTests/Info.plist;
				LD_RUNPATH_SEARCH_PATHS = "$(inherited) @executable_path/Frameworks @loader_path/Frameworks";
				PRODUCT_BUNDLE_IDENTIFIER = cn.vincents.VHLWebViewTests;
				PRODUCT_NAME = "$(TARGET_NAME)";
				TEST_HOST = "$(BUILT_PRODUCTS_DIR)/VHLWebView.app/VHLWebView";
			};
			name = Release;
		};
/* End XCBuildConfiguration section */

/* Begin XCConfigurationList section */
		BF700B3A1D6D67F20028F3D8 /* Build configuration list for PBXProject "VHLWebView" */ = {
			isa = XCConfigurationList;
			buildConfigurations = (
				BF700B5F1D6D67F30028F3D8 /* Debug */,
				BF700B601D6D67F30028F3D8 /* Release */,
			);
			defaultConfigurationIsVisible = 0;
			defaultConfigurationName = Release;
		};
		BF700B611D6D67F30028F3D8 /* Build configuration list for PBXNativeTarget "VHLWebView" */ = {
			isa = XCConfigurationList;
			buildConfigurations = (
				BF700B621D6D67F30028F3D8 /* Debug */,
				BF700B631D6D67F30028F3D8 /* Release */,
			);
			defaultConfigurationIsVisible = 0;
			defaultConfigurationName = Release;
		};
		BF700B641D6D67F30028F3D8 /* Build configuration list for PBXNativeTarget "VHLWebViewTests" */ = {
			isa = XCConfigurationList;
			buildConfigurations = (
				BF700B651D6D67F30028F3D8 /* Debug */,
				BF700B661D6D67F30028F3D8 /* Release */,
			);
			defaultConfigurationIsVisible = 0;
			defaultConfigurationName = Release;
		};
/* End XCConfigurationList section */
	};
	rootObject = BF700B371D6D67F20028F3D8 /* Project object */;
}
